// !$*UTF8*$!
{
	archiveVersion = 1;
	classes = {
	};
	objectVersion = 50;
	objects = {

/* Begin PBXBuildFile section */
		CE5060ED2662AC38000EEEBF /* BackgroundView.swift in Sources */ = {isa = PBXBuildFile; fileRef = CE5060EC2662AC38000EEEBF /* BackgroundView.swift */; };
		CE5060EF26633744000EEEBF /* PointsView.swift in Sources */ = {isa = PBXBuildFile; fileRef = CE5060EE26633741000EEEBF /* PointsView.swift */; };
		CE5060F126642011000EEEBF /* Constants.swift in Sources */ = {isa = PBXBuildFile; fileRef = CE5060F026642010000EEEBF /* Constants.swift */; };
		CE7E01D9266194CB00675D86 /* Shapes.swift in Sources */ = {isa = PBXBuildFile; fileRef = CE7E01D8266194CB00675D86 /* Shapes.swift */; };
		CE7E01DB2661999900675D86 /* RoundViews.swift in Sources */ = {isa = PBXBuildFile; fileRef = CE7E01DA2661999900675D86 /* RoundViews.swift */; };
		CEA0BF32265881A800962C57 /* BullseyeApp.swift in Sources */ = {isa = PBXBuildFile; fileRef = CEA0BF31265881A800962C57 /* BullseyeApp.swift */; };
		CEA0BF34265881A800962C57 /* ContentView.swift in Sources */ = {isa = PBXBuildFile; fileRef = CEA0BF33265881A800962C57 /* ContentView.swift */; };
		CEA0BF36265881B000962C57 /* Assets.xcassets in Resources */ = {isa = PBXBuildFile; fileRef = CEA0BF35265881B000962C57 /* Assets.xcassets */; };
		CEA0BF39265881B000962C57 /* Preview Assets.xcassets in Resources */ = {isa = PBXBuildFile; fileRef = CEA0BF38265881B000962C57 /* Preview Assets.xcassets */; };
		CEA0BF442659E01700962C57 /* Game.swift in Sources */ = {isa = PBXBuildFile; fileRef = CEA0BF432659E01700962C57 /* Game.swift */; };
		CEA0BF4C265A815700962C57 /* BullseyeTests.swift in Sources */ = {isa = PBXBuildFile; fileRef = CEA0BF4B265A815700962C57 /* BullseyeTests.swift */; };
		CEA67DBF265F311A002CD271 /* TextViews.swift in Sources */ = {isa = PBXBuildFile; fileRef = CEA67DBE265F311A002CD271 /* TextViews.swift */; };
/* End PBXBuildFile section */

/* Begin PBXContainerItemProxy section */
		CEA0BF4E265A815800962C57 /* PBXContainerItemProxy */ = {
			isa = PBXContainerItemProxy;
			containerPortal = CEA0BF26265881A700962C57 /* Project object */;
			proxyType = 1;
			remoteGlobalIDString = CEA0BF2D265881A800962C57;
			remoteInfo = Bullseye;
		};
/* End PBXContainerItemProxy section */

/* Begin PBXFileReference section */
		CE5060EC2662AC38000EEEBF /* BackgroundView.swift */ = {isa = PBXFileReference; lastKnownFileType = sourcecode.swift; path = BackgroundView.swift; sourceTree = "<group>"; };
		CE5060EE26633741000EEEBF /* PointsView.swift */ = {isa = PBXFileReference; lastKnownFileType = sourcecode.swift; path = PointsView.swift; sourceTree = "<group>"; };
		CE5060F026642010000EEEBF /* Constants.swift */ = {isa = PBXFileReference; lastKnownFileType = sourcecode.swift; path = Constants.swift; sourceTree = "<group>"; };
		CE7E01D8266194CB00675D86 /* Shapes.swift */ = {isa = PBXFileReference; lastKnownFileType = sourcecode.swift; path = Shapes.swift; sourceTree = "<group>"; };
		CE7E01DA2661999900675D86 /* RoundViews.swift */ = {isa = PBXFileReference; lastKnownFileType = sourcecode.swift; path = RoundViews.swift; sourceTree = "<group>"; };
		CEA0BF2E265881A800962C57 /* Bullseye.app */ = {isa = PBXFileReference; explicitFileType = wrapper.application; includeInIndex = 0; path = Bullseye.app; sourceTree = BUILT_PRODUCTS_DIR; };
		CEA0BF31265881A800962C57 /* BullseyeApp.swift */ = {isa = PBXFileReference; lastKnownFileType = sourcecode.swift; path = BullseyeApp.swift; sourceTree = "<group>"; };
		CEA0BF33265881A800962C57 /* ContentView.swift */ = {isa = PBXFileReference; lastKnownFileType = sourcecode.swift; path = ContentView.swift; sourceTree = "<group>"; };
		CEA0BF35265881B000962C57 /* Assets.xcassets */ = {isa = PBXFileReference; lastKnownFileType = folder.assetcatalog; path = Assets.xcassets; sourceTree = "<group>"; };
		CEA0BF38265881B000962C57 /* Preview Assets.xcassets */ = {isa = PBXFileReference; lastKnownFileType = folder.assetcatalog; path = "Preview Assets.xcassets"; sourceTree = "<group>"; };
		CEA0BF3A265881B000962C57 /* Info.plist */ = {isa = PBXFileReference; lastKnownFileType = text.plist.xml; path = Info.plist; sourceTree = "<group>"; };
		CEA0BF432659E01700962C57 /* Game.swift */ = {isa = PBXFileReference; lastKnownFileType = sourcecode.swift; path = Game.swift; sourceTree = "<group>"; };
		CEA0BF49265A815600962C57 /* BullseyeTests.xctest */ = {isa = PBXFileReference; explicitFileType = wrapper.cfbundle; includeInIndex = 0; path = BullseyeTests.xctest; sourceTree = BUILT_PRODUCTS_DIR; };
		CEA0BF4B265A815700962C57 /* BullseyeTests.swift */ = {isa = PBXFileReference; lastKnownFileType = sourcecode.swift; path = BullseyeTests.swift; sourceTree = "<group>"; };
		CEA0BF4D265A815800962C57 /* Info.plist */ = {isa = PBXFileReference; lastKnownFileType = text.plist.xml; path = Info.plist; sourceTree = "<group>"; };
		CEA67DBE265F311A002CD271 /* TextViews.swift */ = {isa = PBXFileReference; lastKnownFileType = sourcecode.swift; path = TextViews.swift; sourceTree = "<group>"; };
/* End PBXFileReference section */

/* Begin PBXFrameworksBuildPhase section */
		CEA0BF2B265881A800962C57 /* Frameworks */ = {
			isa = PBXFrameworksBuildPhase;
			buildActionMask = 2147483647;
			files = (
			);
			runOnlyForDeploymentPostprocessing = 0;
		};
		CEA0BF46265A815600962C57 /* Frameworks */ = {
			isa = PBXFrameworksBuildPhase;
			buildActionMask = 2147483647;
			files = (
			);
			runOnlyForDeploymentPostprocessing = 0;
		};
/* End PBXFrameworksBuildPhase section */

/* Begin PBXGroup section */
		CEA0BF25265881A700962C57 = {
			isa = PBXGroup;
			children = (
				CEA0BF30265881A800962C57 /* Bullseye */,
				CEA0BF4A265A815700962C57 /* BullseyeTests */,
				CEA0BF2F265881A800962C57 /* Products */,
			);
			sourceTree = "<group>";
		};
		CEA0BF2F265881A800962C57 /* Products */ = {
			isa = PBXGroup;
			children = (
				CEA0BF2E265881A800962C57 /* Bullseye.app */,
				CEA0BF49265A815600962C57 /* BullseyeTests.xctest */,
			);
			name = Products;
			sourceTree = "<group>";
		};
		CEA0BF30265881A800962C57 /* Bullseye */ = {
			isa = PBXGroup;
			children = (
				CEA0BF422659DFCA00962C57 /* App */,
				CEA0BF412659DFBF00962C57 /* Views */,
				CEA0BF402659DFB100962C57 /* Models */,
				CEA0BF37265881B000962C57 /* Preview Content */,
			);
			path = Bullseye;
			sourceTree = "<group>";
		};
		CEA0BF37265881B000962C57 /* Preview Content */ = {
			isa = PBXGroup;
			children = (
				CEA0BF38265881B000962C57 /* Preview Assets.xcassets */,
			);
			path = "Preview Content";
			sourceTree = "<group>";
		};
		CEA0BF402659DFB100962C57 /* Models */ = {
			isa = PBXGroup;
			children = (
				CEA0BF432659E01700962C57 /* Game.swift */,
				CE5060F026642010000EEEBF /* Constants.swift */,
			);
			path = Models;
			sourceTree = "<group>";
		};
		CEA0BF412659DFBF00962C57 /* Views */ = {
			isa = PBXGroup;
			children = (
				CEA0BF33265881A800962C57 /* ContentView.swift */,
				CEA67DBE265F311A002CD271 /* TextViews.swift */,
				CE7E01D8266194CB00675D86 /* Shapes.swift */,
				CE7E01DA2661999900675D86 /* RoundViews.swift */,
				CE5060EC2662AC38000EEEBF /* BackgroundView.swift */,
				CE5060EE26633741000EEEBF /* PointsView.swift */,
			);
			path = Views;
			sourceTree = "<group>";
		};
		CEA0BF422659DFCA00962C57 /* App */ = {
			isa = PBXGroup;
			children = (
				CEA0BF31265881A800962C57 /* BullseyeApp.swift */,
				CEA0BF35265881B000962C57 /* Assets.xcassets */,
				CEA0BF3A265881B000962C57 /* Info.plist */,
			);
			path = App;
			sourceTree = "<group>";
		};
		CEA0BF4A265A815700962C57 /* BullseyeTests */ = {
			isa = PBXGroup;
			children = (
				CEA0BF4B265A815700962C57 /* BullseyeTests.swift */,
				CEA0BF4D265A815800962C57 /* Info.plist */,
			);
			path = BullseyeTests;
			sourceTree = "<group>";
		};
/* End PBXGroup section */

/* Begin PBXNativeTarget section */
		CEA0BF2D265881A800962C57 /* Bullseye */ = {
			isa = PBXNativeTarget;
			buildConfigurationList = CEA0BF3D265881B000962C57 /* Build configuration list for PBXNativeTarget "Bullseye" */;
			buildPhases = (
				CEA0BF2A265881A800962C57 /* Sources */,
				CEA0BF2B265881A800962C57 /* Frameworks */,
				CEA0BF2C265881A800962C57 /* Resources */,
			);
			buildRules = (
			);
			dependencies = (
			);
			name = Bullseye;
			productName = Bullseye;
			productReference = CEA0BF2E265881A800962C57 /* Bullseye.app */;
			productType = "com.apple.product-type.application";
		};
		CEA0BF48265A815600962C57 /* BullseyeTests */ = {
			isa = PBXNativeTarget;
			buildConfigurationList = CEA0BF50265A815800962C57 /* Build configuration list for PBXNativeTarget "BullseyeTests" */;
			buildPhases = (
				CEA0BF45265A815600962C57 /* Sources */,
				CEA0BF46265A815600962C57 /* Frameworks */,
				CEA0BF47265A815600962C57 /* Resources */,
			);
			buildRules = (
			);
			dependencies = (
				CEA0BF4F265A815800962C57 /* PBXTargetDependency */,
			);
			name = BullseyeTests;
			productName = BullseyeTests;
			productReference = CEA0BF49265A815600962C57 /* BullseyeTests.xctest */;
			productType = "com.apple.product-type.bundle.unit-test";
		};
/* End PBXNativeTarget section */

/* Begin PBXProject section */
		CEA0BF26265881A700962C57 /* Project object */ = {
			isa = PBXProject;
			attributes = {
				LastSwiftUpdateCheck = 1250;
				LastUpgradeCheck = 1250;
				TargetAttributes = {
					CEA0BF2D265881A800962C57 = {
						CreatedOnToolsVersion = 12.5;
					};
					CEA0BF48265A815600962C57 = {
						CreatedOnToolsVersion = 12.5;
						TestTargetID = CEA0BF2D265881A800962C57;
					};
				};
			};
			buildConfigurationList = CEA0BF29265881A800962C57 /* Build configuration list for PBXProject "Bullseye" */;
			compatibilityVersion = "Xcode 9.3";
			developmentRegion = en;
			hasScannedForEncodings = 0;
			knownRegions = (
				en,
				Base,
			);
			mainGroup = CEA0BF25265881A700962C57;
			productRefGroup = CEA0BF2F265881A800962C57 /* Products */;
			projectDirPath = "";
			projectRoot = "";
			targets = (
				CEA0BF2D265881A800962C57 /* Bullseye */,
				CEA0BF48265A815600962C57 /* BullseyeTests */,
			);
		};
/* End PBXProject section */

/* Begin PBXResourcesBuildPhase section */
		CEA0BF2C265881A800962C57 /* Resources */ = {
			isa = PBXResourcesBuildPhase;
			buildActionMask = 2147483647;
			files = (
				CEA0BF39265881B000962C57 /* Preview Assets.xcassets in Resources */,
				CEA0BF36265881B000962C57 /* Assets.xcassets in Resources */,
			);
			runOnlyForDeploymentPostprocessing = 0;
		};
		CEA0BF47265A815600962C57 /* Resources */ = {
			isa = PBXResourcesBuildPhase;
			buildActionMask = 2147483647;
			files = (
			);
			runOnlyForDeploymentPostprocessing = 0;
		};
/* End PBXResourcesBuildPhase section */

/* Begin PBXSourcesBuildPhase section */
		CEA0BF2A265881A800962C57 /* Sources */ = {
			isa = PBXSourcesBuildPhase;
			buildActionMask = 2147483647;
			files = (
				CEA0BF34265881A800962C57 /* ContentView.swift in Sources */,
				CEA67DBF265F311A002CD271 /* TextViews.swift in Sources */,
				CE7E01D9266194CB00675D86 /* Shapes.swift in Sources */,
				CE5060EF26633744000EEEBF /* PointsView.swift in Sources */,
				CE5060ED2662AC38000EEEBF /* BackgroundView.swift in Sources */,
				CEA0BF442659E01700962C57 /* Game.swift in Sources */,
				CE5060F126642011000EEEBF /* Constants.swift in Sources */,
				CEA0BF32265881A800962C57 /* BullseyeApp.swift in Sources */,
				CE7E01DB2661999900675D86 /* RoundViews.swift in Sources */,
			);
			runOnlyForDeploymentPostprocessing = 0;
		};
		CEA0BF45265A815600962C57 /* Sources */ = {
			isa = PBXSourcesBuildPhase;
			buildActionMask = 2147483647;
			files = (
				CEA0BF4C265A815700962C57 /* BullseyeTests.swift in Sources */,
			);
			runOnlyForDeploymentPostprocessing = 0;
		};
/* End PBXSourcesBuildPhase section */

/* Begin PBXTargetDependency section */
		CEA0BF4F265A815800962C57 /* PBXTargetDependency */ = {
			isa = PBXTargetDependency;
			target = CEA0BF2D265881A800962C57 /* Bullseye */;
			targetProxy = CEA0BF4E265A815800962C57 /* PBXContainerItemProxy */;
		};
/* End PBXTargetDependency section */

/* Begin XCBuildConfiguration section */
		CEA0BF3B265881B000962C57 /* Debug */ = {
			isa = XCBuildConfiguration;
			buildSettings = {
				ALWAYS_SEARCH_USER_PATHS = NO;
				CLANG_ANALYZER_NONNULL = YES;
				CLANG_ANALYZER_NUMBER_OBJECT_CONVERSION = YES_AGGRESSIVE;
				CLANG_CXX_LANGUAGE_STANDARD = "gnu++14";
				CLANG_CXX_LIBRARY = "libc++";
				CLANG_ENABLE_MODULES = YES;
				CLANG_ENABLE_OBJC_ARC = YES;
				CLANG_ENABLE_OBJC_WEAK = YES;
				CLANG_WARN_BLOCK_CAPTURE_AUTORELEASING = YES;
				CLANG_WARN_BOOL_CONVERSION = YES;
				CLANG_WARN_COMMA = YES;
				CLANG_WARN_CONSTANT_CONVERSION = YES;
				CLANG_WARN_DEPRECATED_OBJC_IMPLEMENTATIONS = YES;
				CLANG_WARN_DIRECT_OBJC_ISA_USAGE = YES_ERROR;
				CLANG_WARN_DOCUMENTATION_COMMENTS = YES;
				CLANG_WARN_EMPTY_BODY = YES;
				CLANG_WARN_ENUM_CONVERSION = YES;
				CLANG_WARN_INFINITE_RECURSION = YES;
				CLANG_WARN_INT_CONVERSION = YES;
				CLANG_WARN_NON_LITERAL_NULL_CONVERSION = YES;
				CLANG_WARN_OBJC_IMPLICIT_RETAIN_SELF = YES;
				CLANG_WARN_OBJC_LITERAL_CONVERSION = YES;
				CLANG_WARN_OBJC_ROOT_CLASS = YES_ERROR;
				CLANG_WARN_QUOTED_INCLUDE_IN_FRAMEWORK_HEADER = YES;
				CLANG_WARN_RANGE_LOOP_ANALYSIS = YES;
				CLANG_WARN_STRICT_PROTOTYPES = YES;
				CLANG_WARN_SUSPICIOUS_MOVE = YES;
				CLANG_WARN_UNGUARDED_AVAILABILITY = YES_AGGRESSIVE;
				CLANG_WARN_UNREACHABLE_CODE = YES;
				CLANG_WARN__DUPLICATE_METHOD_MATCH = YES;
				COPY_PHASE_STRIP = NO;
				DEBUG_INFORMATION_FORMAT = dwarf;
				ENABLE_STRICT_OBJC_MSGSEND = YES;
				ENABLE_TESTABILITY = YES;
				GCC_C_LANGUAGE_STANDARD = gnu11;
				GCC_DYNAMIC_NO_PIC = NO;
				GCC_NO_COMMON_BLOCKS = YES;
				GCC_OPTIMIZATION_LEVEL = 0;
				GCC_PREPROCESSOR_DEFINITIONS = (
					"DEBUG=1",
					"$(inherited)",
				);
				GCC_WARN_64_TO_32_BIT_CONVERSION = YES;
				GCC_WARN_ABOUT_RETURN_TYPE = YES_ERROR;
				GCC_WARN_UNDECLARED_SELECTOR = YES;
				GCC_WARN_UNINITIALIZED_AUTOS = YES_AGGRESSIVE;
				GCC_WARN_UNUSED_FUNCTION = YES;
				GCC_WARN_UNUSED_VARIABLE = YES;
				IPHONEOS_DEPLOYMENT_TARGET = 14.5;
				MTL_ENABLE_DEBUG_INFO = INCLUDE_SOURCE;
				MTL_FAST_MATH = YES;
				ONLY_ACTIVE_ARCH = YES;
				SDKROOT = iphoneos;
				SWIFT_ACTIVE_COMPILATION_CONDITIONS = DEBUG;
				SWIFT_OPTIMIZATION_LEVEL = "-Onone";
			};
			name = Debug;
		};
		CEA0BF3C265881B000962C57 /* Release */ = {
			isa = XCBuildConfiguration;
			buildSettings = {
				ALWAYS_SEARCH_USER_PATHS = NO;
				CLANG_ANALYZER_NONNULL = YES;
				CLANG_ANALYZER_NUMBER_OBJECT_CONVERSION = YES_AGGRESSIVE;
				CLANG_CXX_LANGUAGE_STANDARD = "gnu++14";
				CLANG_CXX_LIBRARY = "libc++";
				CLANG_ENABLE_MODULES = YES;
				CLANG_ENABLE_OBJC_ARC = YES;
				CLANG_ENABLE_OBJC_WEAK = YES;
				CLANG_WARN_BLOCK_CAPTURE_AUTORELEASING = YES;
				CLANG_WARN_BOOL_CONVERSION = YES;
				CLANG_WARN_COMMA = YES;
				CLANG_WARN_CONSTANT_CONVERSION = YES;
				CLANG_WARN_DEPRECATED_OBJC_IMPLEMENTATIONS = YES;
				CLANG_WARN_DIRECT_OBJC_ISA_USAGE = YES_ERROR;
				CLANG_WARN_DOCUMENTATION_COMMENTS = YES;
				CLANG_WARN_EMPTY_BODY = YES;
				CLANG_WARN_ENUM_CONVERSION = YES;
				CLANG_WARN_INFINITE_RECURSION = YES;
				CLANG_WARN_INT_CONVERSION = YES;
				CLANG_WARN_NON_LITERAL_NULL_CONVERSION = YES;
				CLANG_WARN_OBJC_IMPLICIT_RETAIN_SELF = YES;
				CLANG_WARN_OBJC_LITERAL_CONVERSION = YES;
				CLANG_WARN_OBJC_ROOT_CLASS = YES_ERROR;
				CLANG_WARN_QUOTED_INCLUDE_IN_FRAMEWORK_HEADER = YES;
				CLANG_WARN_RANGE_LOOP_ANALYSIS = YES;
				CLANG_WARN_STRICT_PROTOTYPES = YES;
				CLANG_WARN_SUSPICIOUS_MOVE = YES;
				CLANG_WARN_UNGUARDED_AVAILABILITY = YES_AGGRESSIVE;
				CLANG_WARN_UNREACHABLE_CODE = YES;
				CLANG_WARN__DUPLICATE_METHOD_MATCH = YES;
				COPY_PHASE_STRIP = NO;
				DEBUG_INFORMATION_FORMAT = "dwarf-with-dsym";
				ENABLE_NS_ASSERTIONS = NO;
				ENABLE_STRICT_OBJC_MSGSEND = YES;
				GCC_C_LANGUAGE_STANDARD = gnu11;
				GCC_NO_COMMON_BLOCKS = YES;
				GCC_WARN_64_TO_32_BIT_CONVERSION = YES;
				GCC_WARN_ABOUT_RETURN_TYPE = YES_ERROR;
				GCC_WARN_UNDECLARED_SELECTOR = YES;
				GCC_WARN_UNINITIALIZED_AUTOS = YES_AGGRESSIVE;
				GCC_WARN_UNUSED_FUNCTION = YES;
				GCC_WARN_UNUSED_VARIABLE = YES;
				IPHONEOS_DEPLOYMENT_TARGET = 14.5;
				MTL_ENABLE_DEBUG_INFO = NO;
				MTL_FAST_MATH = YES;
				SDKROOT = iphoneos;
				SWIFT_COMPILATION_MODE = wholemodule;
				SWIFT_OPTIMIZATION_LEVEL = "-O";
				VALIDATE_PRODUCT = YES;
			};
			name = Release;
		};
		CEA0BF3E265881B000962C57 /* Debug */ = {
			isa = XCBuildConfiguration;
			buildSettings = {
				ASSETCATALOG_COMPILER_APPICON_NAME = AppIcon;
				ASSETCATALOG_COMPILER_GLOBAL_ACCENT_COLOR_NAME = AccentColor;
				CODE_SIGN_STYLE = Automatic;
				DEVELOPMENT_ASSET_PATHS = "\"Bullseye/Preview Content\"";
				DEVELOPMENT_TEAM = WUYUJN36A5;
				ENABLE_PREVIEWS = YES;
				INFOPLIST_FILE = Bullseye/App/Info.plist;
				IPHONEOS_DEPLOYMENT_TARGET = 14.0;
				LD_RUNPATH_SEARCH_PATHS = (
					"$(inherited)",
					"@executable_path/Frameworks",
				);
				PRODUCT_BUNDLE_IDENTIFIER = com.pmdenlinger.Bullseye;
				PRODUCT_NAME = "$(TARGET_NAME)";
				SWIFT_VERSION = 5.0;
				TARGETED_DEVICE_FAMILY = "1,2";
			};
			name = Debug;
		};
		CEA0BF3F265881B000962C57 /* Release */ = {
			isa = XCBuildConfiguration;
			buildSettings = {
				ASSETCATALOG_COMPILER_APPICON_NAME = AppIcon;
				ASSETCATALOG_COMPILER_GLOBAL_ACCENT_COLOR_NAME = AccentColor;
				CODE_SIGN_STYLE = Automatic;
				DEVELOPMENT_ASSET_PATHS = "\"Bullseye/Preview Content\"";
				DEVELOPMENT_TEAM = WUYUJN36A5;
				ENABLE_PREVIEWS = YES;
				INFOPLIST_FILE = Bullseye/App/Info.plist;
				IPHONEOS_DEPLOYMENT_TARGET = 14.0;
				LD_RUNPATH_SEARCH_PATHS = (
					"$(inherited)",
					"@executable_path/Frameworks",
				);
				PRODUCT_BUNDLE_IDENTIFIER = com.pmdenlinger.Bullseye;
				PRODUCT_NAME = "$(TARGET_NAME)";
				SWIFT_VERSION = 5.0;
				TARGETED_DEVICE_FAMILY = "1,2";
			};
			name = Release;
		};
		CEA0BF51265A815800962C57 /* Debug */ = {
			isa = XCBuildConfiguration;
			buildSettings = {
				BUNDLE_LOADER = "$(TEST_HOST)";
				CODE_SIGN_STYLE = Automatic;
				DEVELOPMENT_TEAM = WUYUJN36A5;
				INFOPLIST_FILE = BullseyeTests/Info.plist;
				LD_RUNPATH_SEARCH_PATHS = (
					"$(inherited)",
					"@executable_path/Frameworks",
					"@loader_path/Frameworks",
				);
				PRODUCT_BUNDLE_IDENTIFIER = com.pmdenlinger.BullseyeTests;
				PRODUCT_NAME = "$(TARGET_NAME)";
				SWIFT_VERSION = 5.0;
				TARGETED_DEVICE_FAMILY = "1,2";
				TEST_HOST = "$(BUILT_PRODUCTS_DIR)/Bullseye.app/Bullseye";
			};
			name = Debug;
		};
		CEA0BF52265A815800962C57 /* Release */ = {
			isa = XCBuildConfiguration;
			buildSettings = {
				BUNDLE_LOADER = "$(TEST_HOST)";
				CODE_SIGN_STYLE = Automatic;
				DEVELOPMENT_TEAM = WUYUJN36A5;
				INFOPLIST_FILE = BullseyeTests/Info.plist;
				LD_RUNPATH_SEARCH_PATHS = (
					"$(inherited)",
					"@executable_path/Frameworks",
					"@loader_path/Frameworks",
				);
				PRODUCT_BUNDLE_IDENTIFIER = com.pmdenlinger.BullseyeTests;
				PRODUCT_NAME = "$(TARGET_NAME)";
				SWIFT_VERSION = 5.0;
				TARGETED_DEVICE_FAMILY = "1,2";
				TEST_HOST = "$(BUILT_PRODUCTS_DIR)/Bullseye.app/Bullseye";
			};
			name = Release;
		};
/* End XCBuildConfiguration section */

/* Begin XCConfigurationList section */
		CEA0BF29265881A800962C57 /* Build configuration list for PBXProject "Bullseye" */ = {
			isa = XCConfigurationList;
			buildConfigurations = (
				CEA0BF3B265881B000962C57 /* Debug */,
				CEA0BF3C265881B000962C57 /* Release */,
			);
			defaultConfigurationIsVisible = 0;
			defaultConfigurationName = Release;
		};
		CEA0BF3D265881B000962C57 /* Build configuration list for PBXNativeTarget "Bullseye" */ = {
			isa = XCConfigurationList;
			buildConfigurations = (
				CEA0BF3E265881B000962C57 /* Debug */,
				CEA0BF3F265881B000962C57 /* Release */,
			);
			defaultConfigurationIsVisible = 0;
			defaultConfigurationName = Release;
		};
		CEA0BF50265A815800962C57 /* Build configuration list for PBXNativeTarget "BullseyeTests" */ = {
			isa = XCConfigurationList;
			buildConfigurations = (
				CEA0BF51265A815800962C57 /* Debug */,
				CEA0BF52265A815800962C57 /* Release */,
			);
			defaultConfigurationIsVisible = 0;
			defaultConfigurationName = Release;
		};
/* End XCConfigurationList section */
	};
	rootObject = CEA0BF26265881A700962C57 /* Project object */;
}
